// !$*UTF8*$!
{
	archiveVersion = 1;
	classes = {
	};
	objectVersion = 45;
	objects = {

/* Begin PBXBuildFile section */
		4DDCA7060ACC9A6100E082CE /* MainMenu.nib in Resources */ = {isa = PBXBuildFile; fileRef = 29B97318FDCFA39411CA2CEA /* MainMenu.nib */; };
		4DDCA7070ACC9A6100E082CE /* InfoPlist.strings in Resources */ = {isa = PBXBuildFile; fileRef = 089C165CFE840E0CC02AAC07 /* InfoPlist.strings */; };
		4DDCA7080ACC9A6100E082CE /* rb_main.rb in Resources */ = {isa = PBXBuildFile; fileRef = E8F5E25803AEB7C803A81C6F /* rb_main.rb */; };
		4DDCA70A0ACC9A6100E082CE /* main.m in Sources */ = {isa = PBXBuildFile; fileRef = 29B97316FDCFA39411CA2CEA /* main.m */; settings = {ATTRIBUTES = (); }; };
		4DDCA70C0ACC9A6100E082CE /* Cocoa.framework in Frameworks */ = {isa = PBXBuildFile; fileRef = 1058C7A1FEA54F0111CA2CBB /* Cocoa.framework */; };
		D404FE840F07818F004EF5B7 /* PreviewView.h in Headers */ = {isa = PBXBuildFile; fileRef = D404FE820F07818F004EF5B7 /* PreviewView.h */; };
		D404FE850F07818F004EF5B7 /* PreviewView.m in Sources */ = {isa = PBXBuildFile; fileRef = D404FE830F07818F004EF5B7 /* PreviewView.m */; };
		D404FEBF0F0788B9004EF5B7 /* UpController.h in Headers */ = {isa = PBXBuildFile; fileRef = D404FEBD0F0788B9004EF5B7 /* UpController.h */; };
		D404FEC00F0788B9004EF5B7 /* UpController.m in Sources */ = {isa = PBXBuildFile; fileRef = D404FEBE0F0788B9004EF5B7 /* UpController.m */; };
		D404FF210F0790AC004EF5B7 /* QuartzCore.framework in Frameworks */ = {isa = PBXBuildFile; fileRef = D404FF200F0790AC004EF5B7 /* QuartzCore.framework */; };
		D41400BC0D0FF57500295A29 /* Credits.html in Resources */ = {isa = PBXBuildFile; fileRef = D41400BB0D0FF57500295A29 /* Credits.html */; };
		D42584DF0D0CA75C00F443AC /* Up!.rb in Resources */ = {isa = PBXBuildFile; fileRef = D42584DE0D0CA75C00F443AC /* Up!.rb */; };
		D47523B20D6DF60900BB4F0B /* PreviewView.rb in Resources */ = {isa = PBXBuildFile; fileRef = D47523B10D6DF60900BB4F0B /* PreviewView.rb */; };
		D4AEB1F40D6491C1005AA4E5 /* UpLogo.icns in Resources */ = {isa = PBXBuildFile; fileRef = D4AEB1F30D6491C1005AA4E5 /* UpLogo.icns */; };
		D4B3E3910E70295F00CA0583 /* MacRuby.framework in Frameworks */ = {isa = PBXBuildFile; fileRef = D4B3E3900E70295F00CA0583 /* MacRuby.framework */; };
/* End PBXBuildFile section */

/* Begin PBXContainerItemProxy section */
		D4D7F6320F0D247B002894E5 /* PBXContainerItemProxy */ = {
			isa = PBXContainerItemProxy;
			containerPortal = D4D7F62E0F0D247B002894E5 /* XMLRPC.xcodeproj */;
			proxyType = 2;
			remoteGlobalIDString = 8DC2EF5B0486A6940098B216 /* XMLRPC.framework */;
			remoteInfo = XMLRPC;
		};
/* End PBXContainerItemProxy section */

/* Begin PBXFileReference section */
		089C165DFE840E0CC02AAC07 /* English */ = {isa = PBXFileReference; fileEncoding = 10; lastKnownFileType = text.plist.strings; name = English; path = English.lproj/InfoPlist.strings; sourceTree = "<group>"; };
		1058C7A1FEA54F0111CA2CBB /* Cocoa.framework */ = {isa = PBXFileReference; lastKnownFileType = wrapper.framework; name = Cocoa.framework; path = /System/Library/Frameworks/Cocoa.framework; sourceTree = "<absolute>"; };
		29B97316FDCFA39411CA2CEA /* main.m */ = {isa = PBXFileReference; fileEncoding = 30; lastKnownFileType = sourcecode.c.objc; path = main.m; sourceTree = "<group>"; };
		29B97319FDCFA39411CA2CEA /* English */ = {isa = PBXFileReference; lastKnownFileType = wrapper.nib; name = English; path = English.lproj/MainMenu.nib; sourceTree = "<group>"; };
		29B97324FDCFA39411CA2CEA /* AppKit.framework */ = {isa = PBXFileReference; lastKnownFileType = wrapper.framework; name = AppKit.framework; path = /System/Library/Frameworks/AppKit.framework; sourceTree = "<absolute>"; };
		29B97325FDCFA39411CA2CEA /* Foundation.framework */ = {isa = PBXFileReference; lastKnownFileType = wrapper.framework; name = Foundation.framework; path = /System/Library/Frameworks/Foundation.framework; sourceTree = "<absolute>"; };
		4DDCA7110ACC9A6100E082CE /* Info.plist */ = {isa = PBXFileReference; lastKnownFileType = text.plist.xml; path = Info.plist; sourceTree = "<group>"; };
		4DDCA7120ACC9A6100E082CE /* Up!.app */ = {isa = PBXFileReference; explicitFileType = wrapper.application; includeInIndex = 0; path = "Up!.app"; sourceTree = BUILT_PRODUCTS_DIR; };
		D404FE820F07818F004EF5B7 /* PreviewView.h */ = {isa = PBXFileReference; fileEncoding = 4; lastKnownFileType = sourcecode.c.h; path = PreviewView.h; sourceTree = "<group>"; };
		D404FE830F07818F004EF5B7 /* PreviewView.m */ = {isa = PBXFileReference; fileEncoding = 4; lastKnownFileType = sourcecode.c.objc; path = PreviewView.m; sourceTree = "<group>"; };
		D404FEBD0F0788B9004EF5B7 /* UpController.h */ = {isa = PBXFileReference; fileEncoding = 4; lastKnownFileType = sourcecode.c.h; path = UpController.h; sourceTree = "<group>"; };
		D404FEBE0F0788B9004EF5B7 /* UpController.m */ = {isa = PBXFileReference; fileEncoding = 4; lastKnownFileType = sourcecode.c.objc; path = UpController.m; sourceTree = "<group>"; };
		D404FF200F0790AC004EF5B7 /* QuartzCore.framework */ = {isa = PBXFileReference; lastKnownFileType = wrapper.framework; name = QuartzCore.framework; path = /System/Library/Frameworks/QuartzCore.framework; sourceTree = "<absolute>"; };
		D41400BB0D0FF57500295A29 /* Credits.html */ = {isa = PBXFileReference; fileEncoding = 4; lastKnownFileType = text.html; path = Credits.html; sourceTree = "<group>"; };
		D42584DE0D0CA75C00F443AC /* Up!.rb */ = {isa = PBXFileReference; fileEncoding = 4; lastKnownFileType = text.script.ruby; path = "Up!.rb"; sourceTree = "<group>"; };
		D47523B10D6DF60900BB4F0B /* PreviewView.rb */ = {isa = PBXFileReference; fileEncoding = 4; lastKnownFileType = text.script.ruby; path = PreviewView.rb; sourceTree = "<group>"; };
		D4AEB1F30D6491C1005AA4E5 /* UpLogo.icns */ = {isa = PBXFileReference; lastKnownFileType = image.icns; name = UpLogo.icns; path = gfx/UpLogo.icns; sourceTree = "<group>"; };
		D4B3E3900E70295F00CA0583 /* MacRuby.framework */ = {isa = PBXFileReference; lastKnownFileType = wrapper.framework; name = MacRuby.framework; path = /Library/Frameworks/MacRuby.framework; sourceTree = "<absolute>"; };
		D4D7F62E0F0D247B002894E5 /* XMLRPC.xcodeproj */ = {isa = PBXFileReference; lastKnownFileType = "wrapper.pb-project"; name = XMLRPC.xcodeproj; path = libs/xmlrpc/XMLRPC.xcodeproj; sourceTree = "<group>"; };
		E8F5E25803AEB7C803A81C6F /* rb_main.rb */ = {isa = PBXFileReference; lastKnownFileType = text.script.ruby; path = rb_main.rb; sourceTree = "<group>"; };
/* End PBXFileReference section */

/* Begin PBXFrameworksBuildPhase section */
		4DDCA70B0ACC9A6100E082CE /* Frameworks */ = {
			isa = PBXFrameworksBuildPhase;
			buildActionMask = 2147483647;
			files = (
				4DDCA70C0ACC9A6100E082CE /* Cocoa.framework in Frameworks */,
				D4B3E3910E70295F00CA0583 /* MacRuby.framework in Frameworks */,
				D404FF210F0790AC004EF5B7 /* QuartzCore.framework in Frameworks */,
			);
			runOnlyForDeploymentPostprocessing = 0;
		};
/* End PBXFrameworksBuildPhase section */

/* Begin PBXGroup section */
		080E96DDFE201D6D7F000001 /* Classes */ = {
			isa = PBXGroup;
			children = (
				D42584DE0D0CA75C00F443AC /* Up!.rb */,
				D47523B10D6DF60900BB4F0B /* PreviewView.rb */,
				D404FE820F07818F004EF5B7 /* PreviewView.h */,
				D404FE830F07818F004EF5B7 /* PreviewView.m */,
				D404FEBD0F0788B9004EF5B7 /* UpController.h */,
				D404FEBE0F0788B9004EF5B7 /* UpController.m */,
			);
			name = Classes;
			sourceTree = "<group>";
		};
		1058C7A0FEA54F0111CA2CBB /* Linked Frameworks */ = {
			isa = PBXGroup;
			children = (
				D404FF200F0790AC004EF5B7 /* QuartzCore.framework */,
				D4B3E3900E70295F00CA0583 /* MacRuby.framework */,
				1058C7A1FEA54F0111CA2CBB /* Cocoa.framework */,
			);
			name = "Linked Frameworks";
			sourceTree = "<group>";
		};
		1058C7A2FEA54F0111CA2CBB /* Other Frameworks */ = {
			isa = PBXGroup;
			children = (
				29B97325FDCFA39411CA2CEA /* Foundation.framework */,
				29B97324FDCFA39411CA2CEA /* AppKit.framework */,
			);
			name = "Other Frameworks";
			sourceTree = "<group>";
		};
		19C28FACFE9D520D11CA2CBB /* Products */ = {
			isa = PBXGroup;
			children = (
				4DDCA7120ACC9A6100E082CE /* Up!.app */,
			);
			name = Products;
			sourceTree = "<group>";
		};
		29B97314FDCFA39411CA2CEA /* Up! */ = {
			isa = PBXGroup;
			children = (
				D4D7F62C0F0D2459002894E5 /* libs */,
				080E96DDFE201D6D7F000001 /* Classes */,
				29B97315FDCFA39411CA2CEA /* Other Sources */,
				29B97317FDCFA39411CA2CEA /* Resources */,
				29B97323FDCFA39411CA2CEA /* Frameworks */,
				19C28FACFE9D520D11CA2CBB /* Products */,
				4DDCA7110ACC9A6100E082CE /* Info.plist */,
			);
			name = "Up!";
			sourceTree = "<group>";
		};
		29B97315FDCFA39411CA2CEA /* Other Sources */ = {
			isa = PBXGroup;
			children = (
				29B97316FDCFA39411CA2CEA /* main.m */,
				E8F5E25803AEB7C803A81C6F /* rb_main.rb */,
			);
			name = "Other Sources";
			sourceTree = "<group>";
		};
		29B97317FDCFA39411CA2CEA /* Resources */ = {
			isa = PBXGroup;
			children = (
				D4AEB1F30D6491C1005AA4E5 /* UpLogo.icns */,
				29B97318FDCFA39411CA2CEA /* MainMenu.nib */,
				089C165CFE840E0CC02AAC07 /* InfoPlist.strings */,
				D41400BB0D0FF57500295A29 /* Credits.html */,
			);
			name = Resources;
			sourceTree = "<group>";
		};
		29B97323FDCFA39411CA2CEA /* Frameworks */ = {
			isa = PBXGroup;
			children = (
				1058C7A0FEA54F0111CA2CBB /* Linked Frameworks */,
				1058C7A2FEA54F0111CA2CBB /* Other Frameworks */,
			);
			name = Frameworks;
			sourceTree = "<group>";
		};
		D4D7F62C0F0D2459002894E5 /* libs */ = {
			isa = PBXGroup;
			children = (
				D4D7F62E0F0D247B002894E5 /* XMLRPC.xcodeproj */,
			);
			name = libs;
			sourceTree = "<group>";
		};
		D4D7F62F0F0D247B002894E5 /* Products */ = {
			isa = PBXGroup;
			children = (
				D4D7F6330F0D247B002894E5 /* XMLRPC.framework */,
			);
			name = Products;
			sourceTree = "<group>";
		};
/* End PBXGroup section */

/* Begin PBXHeadersBuildPhase section */
		4DDCA7040ACC9A6100E082CE /* Headers */ = {
			isa = PBXHeadersBuildPhase;
			buildActionMask = 2147483647;
			files = (
				D404FE840F07818F004EF5B7 /* PreviewView.h in Headers */,
				D404FEBF0F0788B9004EF5B7 /* UpController.h in Headers */,
			);
			runOnlyForDeploymentPostprocessing = 0;
		};
/* End PBXHeadersBuildPhase section */

/* Begin PBXNativeTarget section */
		4DDCA7030ACC9A6100E082CE /* Up! */ = {
			isa = PBXNativeTarget;
			buildConfigurationList = 4DDCA70E0ACC9A6100E082CE /* Build configuration list for PBXNativeTarget "Up!" */;
			buildPhases = (
				4DDCA7040ACC9A6100E082CE /* Headers */,
				4DDCA7050ACC9A6100E082CE /* Resources */,
				4DDCA7090ACC9A6100E082CE /* Sources */,
				4DDCA70B0ACC9A6100E082CE /* Frameworks */,
			);
			buildRules = (
			);
			dependencies = (
			);
			name = "Up!";
			productInstallPath = "$(HOME)/Applications";
			productName = "Up!";
			productReference = 4DDCA7120ACC9A6100E082CE /* Up!.app */;
			productType = "com.apple.product-type.application";
		};
/* End PBXNativeTarget section */

/* Begin PBXProject section */
		29B97313FDCFA39411CA2CEA /* Project object */ = {
			isa = PBXProject;
			buildConfigurationList = 4D7A7B570ABF745500C2D4C0 /* Build configuration list for PBXProject "Up!" */;
			compatibilityVersion = "Xcode 3.1";
			hasScannedForEncodings = 0;
			mainGroup = 29B97314FDCFA39411CA2CEA /* Up! */;
			projectDirPath = "";
			projectReferences = (
				{
					ProductGroup = D4D7F62F0F0D247B002894E5 /* Products */;
					ProjectRef = D4D7F62E0F0D247B002894E5 /* XMLRPC.xcodeproj */;
				},
			);
			projectRoot = "";
			targets = (
				4DDCA7030ACC9A6100E082CE /* Up! */,
			);
		};
/* End PBXProject section */

/* Begin PBXReferenceProxy section */
		D4D7F6330F0D247B002894E5 /* XMLRPC.framework */ = {
			isa = PBXReferenceProxy;
			fileType = wrapper.framework;
			path = XMLRPC.framework;
			remoteRef = D4D7F6320F0D247B002894E5 /* PBXContainerItemProxy */;
			sourceTree = BUILT_PRODUCTS_DIR;
		};
/* End PBXReferenceProxy section */

/* Begin PBXResourcesBuildPhase section */
		4DDCA7050ACC9A6100E082CE /* Resources */ = {
			isa = PBXResourcesBuildPhase;
			buildActionMask = 2147483647;
			files = (
				4DDCA7060ACC9A6100E082CE /* MainMenu.nib in Resources */,
				4DDCA7070ACC9A6100E082CE /* InfoPlist.strings in Resources */,
				4DDCA7080ACC9A6100E082CE /* rb_main.rb in Resources */,
				D42584DF0D0CA75C00F443AC /* Up!.rb in Resources */,
				D41400BC0D0FF57500295A29 /* Credits.html in Resources */,
				D4AEB1F40D6491C1005AA4E5 /* UpLogo.icns in Resources */,
				D47523B20D6DF60900BB4F0B /* PreviewView.rb in Resources */,
			);
			runOnlyForDeploymentPostprocessing = 0;
		};
/* End PBXResourcesBuildPhase section */

/* Begin PBXSourcesBuildPhase section */
		4DDCA7090ACC9A6100E082CE /* Sources */ = {
			isa = PBXSourcesBuildPhase;
			buildActionMask = 2147483647;
			files = (
				4DDCA70A0ACC9A6100E082CE /* main.m in Sources */,
				D404FE850F07818F004EF5B7 /* PreviewView.m in Sources */,
				D404FEC00F0788B9004EF5B7 /* UpController.m in Sources */,
			);
			runOnlyForDeploymentPostprocessing = 0;
		};
/* End PBXSourcesBuildPhase section */

/* Begin PBXVariantGroup section */
		089C165CFE840E0CC02AAC07 /* InfoPlist.strings */ = {
			isa = PBXVariantGroup;
			children = (
				089C165DFE840E0CC02AAC07 /* English */,
			);
			name = InfoPlist.strings;
			sourceTree = "<group>";
		};
		29B97318FDCFA39411CA2CEA /* MainMenu.nib */ = {
			isa = PBXVariantGroup;
			children = (
				29B97319FDCFA39411CA2CEA /* English */,
			);
			name = MainMenu.nib;
			sourceTree = "<group>";
		};
/* End PBXVariantGroup section */

/* Begin XCBuildConfiguration section */
		4D7A7B580ABF745500C2D4C0 /* Debug */ = {
			isa = XCBuildConfiguration;
			buildSettings = {
				ARCHS = (
					i386,
					ppc,
				);
				GCC_ENABLE_OBJC_GC = supported;
				GCC_WARN_ABOUT_RETURN_TYPE = YES;
				GCC_WARN_UNUSED_VARIABLE = YES;
				PREBINDING = NO;
				SDKROOT = macosx10.5;
				VALID_ARCHS = "ppc64 ppc7400 ppc970 i386 x86_64 ppc";
			};
			name = Debug;
		};
		4D7A7B590ABF745500C2D4C0 /* Release */ = {
			isa = XCBuildConfiguration;
			buildSettings = {
				ARCHS = (
					i386,
					ppc,
				);
				DEBUG_INFORMATION_FORMAT = "dwarf-with-dsym";
				GCC_WARN_ABOUT_RETURN_TYPE = YES;
				GCC_WARN_UNUSED_VARIABLE = YES;
				PREBINDING = NO;
				SDKROOT = macosx10.4;
			};
			name = Release;
		};
		4DDCA70F0ACC9A6100E082CE /* Debug */ = {
			isa = XCBuildConfiguration;
			buildSettings = {
				COPY_PHASE_STRIP = NO;
				FRAMEWORK_SEARCH_PATHS = (
					"$(inherited)",
					"\"$(SRCROOT)/libs/xmlrpc/build/Development\"",
				);
				GCC_DYNAMIC_NO_PIC = NO;
				GCC_ENABLE_FIX_AND_CONTINUE = YES;
				GCC_MODEL_TUNING = G5;
				GCC_OPTIMIZATION_LEVEL = 0;
				INFOPLIST_FILE = Info.plist;
				INSTALL_PATH = "$(HOME)/Applications";
				PRODUCT_NAME = "Up!";
				WRAPPER_EXTENSION = app;
				ZERO_LINK = YES;
			};
			name = Debug;
		};
		4DDCA7100ACC9A6100E082CE /* Release */ = {
			isa = XCBuildConfiguration;
			buildSettings = {
				ARCHS = (
					ppc,
					i386,
				);
				FRAMEWORK_SEARCH_PATHS = (
					"$(inherited)",
					"\"$(SRCROOT)/libs/xmlrpc/build/Development\"",
				);
				GCC_MODEL_TUNING = G5;
				INFOPLIST_FILE = Info.plist;
				INSTALL_PATH = "$(HOME)/Applications";
				PRODUCT_NAME = "Up!";
				WRAPPER_EXTENSION = app;
			};
			name = Release;
		};
/* End XCBuildConfiguration section */

/* Begin XCConfigurationList section */
		4D7A7B570ABF745500C2D4C0 /* Build configuration list for PBXProject "Up!" */ = {
			isa = XCConfigurationList;
			buildConfigurations = (
				4D7A7B580ABF745500C2D4C0 /* Debug */,
				4D7A7B590ABF745500C2D4C0 /* Release */,
			);
			defaultConfigurationIsVisible = 0;
			defaultConfigurationName = Release;
		};
		4DDCA70E0ACC9A6100E082CE /* Build configuration list for PBXNativeTarget "Up!" */ = {
			isa = XCConfigurationList;
			buildConfigurations = (
				4DDCA70F0ACC9A6100E082CE /* Debug */,
				4DDCA7100ACC9A6100E082CE /* Release */,
			);
			defaultConfigurationIsVisible = 0;
			defaultConfigurationName = Release;
		};
/* End XCConfigurationList section */
	};
	rootObject = 29B97313FDCFA39411CA2CEA /* Project object */;
}
